
Microsoft Visual Studio Solution File, Format Version 12.00
# Visual Studio Version 17
VisualStudioVersion = 17.7.34031.279
MinimumVisualStudioVersion = 10.0.40219.1
Project("{9A19103F-16F7-4668-BE54-9A1E7A4F7556}") = "King Price Assessment", "King Price Assessment.csproj", "{06986555-707E-40BF-B53E-704D5F195953}"
EndProject
Global
	GlobalSection(SolutionConfigurationPlatforms) = preSolution
		Debug|Any CPU = Debug|Any CPU
		Release|Any CPU = Release|Any CPU
	EndGlobalSection
	GlobalSection(ProjectConfigurationPlatforms) = postSolution
		{06986555-707E-40BF-B53E-704D5F195953}.Debug|Any CPU.ActiveCfg = Debug|Any CPU
		{06986555-707E-40BF-B53E-704D5F195953}.Debug|Any CPU.Build.0 = Debug|Any CPU
		{06986555-707E-40BF-B53E-704D5F195953}.Release|Any CPU.ActiveCfg = Release|Any CPU
		{06986555-707E-40BF-B53E-704D5F195953}.Release|Any CPU.Build.0 = Release|Any CPU
	EndGlobalSection
	GlobalSection(SolutionProperties) = preSolution
		HideSolutionNode = FALSE
	EndGlobalSection
	GlobalSection(ExtensibilityGlobals) = postSolution
		SolutionGuid = {DD8DFAF0-FB16-4CCB-9F62-A48D9A98F272}
	EndGlobalSection
EndGlobal
